
Microsoft Visual Studio Solution File, Format Version 12.00
# Visual Studio 14
VisualStudioVersion = 14.0.23107.0
MinimumVisualStudioVersion = 10.0.40219.1
Project("{F184B08F-C81C-45F6-A57F-5ABD9991F28F}") = "UPrince Excel", "UPrince Excel\UPrince Excel.vbproj", "{E892F52B-9DBE-433C-B49A-BE1DDA4B9931}"
EndProject
Project("{F184B08F-C81C-45F6-A57F-5ABD9991F28F}") = "UPrince ExcelWeb", "UPrince ExcelWeb\UPrince ExcelWeb.vbproj", "{1F5A79F8-1479-48D1-AEDA-3B73EF5B9076}"
EndProject
Global
	GlobalSection(SolutionConfigurationPlatforms) = preSolution
		Debug|Any CPU = Debug|Any CPU
		Release|Any CPU = Release|Any CPU
	EndGlobalSection
	GlobalSection(ProjectConfigurationPlatforms) = postSolution
		{E892F52B-9DBE-433C-B49A-BE1DDA4B9931}.Debug|Any CPU.ActiveCfg = Debug|Any CPU
		{E892F52B-9DBE-433C-B49A-BE1DDA4B9931}.Debug|Any CPU.Build.0 = Debug|Any CPU
		{E892F52B-9DBE-433C-B49A-BE1DDA4B9931}.Debug|Any CPU.Deploy.0 = Debug|Any CPU
		{E892F52B-9DBE-433C-B49A-BE1DDA4B9931}.Release|Any CPU.ActiveCfg = Release|Any CPU
		{E892F52B-9DBE-433C-B49A-BE1DDA4B9931}.Release|Any CPU.Build.0 = Release|Any CPU
		{E892F52B-9DBE-433C-B49A-BE1DDA4B9931}.Release|Any CPU.Deploy.0 = Release|Any CPU
		{1F5A79F8-1479-48D1-AEDA-3B73EF5B9076}.Debug|Any CPU.ActiveCfg = Debug|Any CPU
		{1F5A79F8-1479-48D1-AEDA-3B73EF5B9076}.Debug|Any CPU.Build.0 = Debug|Any CPU
		{1F5A79F8-1479-48D1-AEDA-3B73EF5B9076}.Release|Any CPU.ActiveCfg = Release|Any CPU
		{1F5A79F8-1479-48D1-AEDA-3B73EF5B9076}.Release|Any CPU.Build.0 = Release|Any CPU
	EndGlobalSection
	GlobalSection(SolutionProperties) = preSolution
		HideSolutionNode = FALSE
	EndGlobalSection
EndGlobal
